
Microsoft Visual Studio Solution File, Format Version 12.00
Project("{2150E333-8FDC-42A3-9474-1A3956D46DE8}") = "Zamza.Server", "Zamza.Server", "{45001B82-EDA3-49FF-9220-86D4FA7A6452}"
EndProject
Project("{2150E333-8FDC-42A3-9474-1A3956D46DE8}") = "Common", "Common", "{AF0A8BCE-98F5-45EB-8450-A4B6B054FF9B}"
	ProjectSection(SolutionItems) = preProject
		Directory.Packages.props = Directory.Packages.props
		Directory.Build.props = Directory.Build.props
	EndProjectSection
EndProject
Project("{2150E333-8FDC-42A3-9474-1A3956D46DE8}") = "src", "src", "{AE72329E-5F64-4251-8D45-E422C43FC33F}"
EndProject
Project("{FAE04EC0-301F-11D3-BF4B-00C04F79EFBC}") = "Zamza.Server.ConsumerApi", "Zamza.Server.ConsumerApi\Zamza.Server.ConsumerApi.csproj", "{061A58EF-F089-4538-9252-7A3AD841E197}"
EndProject
Project("{FAE04EC0-301F-11D3-BF4B-00C04F79EFBC}") = "Zamza.Server.DataAccess", "Zamza.Server.DataAccess\Zamza.Server.DataAccess.csproj", "{D3535847-53BD-4466-8C70-D3FB0771A080}"
EndProject
Project("{FAE04EC0-301F-11D3-BF4B-00C04F79EFBC}") = "Zamza.Server.Models", "Zamza.Server.Models\Zamza.Server.Models.csproj", "{63A92F96-B146-441C-BB23-CAFBF1C02C4A}"
EndProject
Project("{FAE04EC0-301F-11D3-BF4B-00C04F79EFBC}") = "Zamza.Server.Application", "Zamza.Server.Application\Zamza.Server.Application.csproj", "{18E4A8C4-1ECA-4000-AADE-DC4265242DC7}"
EndProject
Project("{FAE04EC0-301F-11D3-BF4B-00C04F79EFBC}") = "Zamza.Server", "Zamza.Server\Zamza.Server.csproj", "{11276696-5305-40FA-981F-78000080A104}"
EndProject
Project("{FAE04EC0-301F-11D3-BF4B-00C04F79EFBC}") = "Zamza.Server.UserApi", "Zamza.Server.UserApi\Zamza.Server.UserApi.csproj", "{EC5612A1-62BB-483A-B801-983D6F478B43}"
EndProject
Project("{2150E333-8FDC-42A3-9474-1A3956D46DE8}") = "Zamza.Consumer", "Zamza.Consumer", "{E4D7A983-1B28-4B98-B93C-C305E31C2506}"
EndProject
Project("{FAE04EC0-301F-11D3-BF4B-00C04F79EFBC}") = "Zamza.Consumer", "Zamza.Consumer\Zamza.Consumer.csproj", "{F417A7CE-0177-44CB-B734-39B328E1B42B}"
EndProject
Project("{FAE04EC0-301F-11D3-BF4B-00C04F79EFBC}") = "ConsumerTest", "ConsumerTest\ConsumerTest.csproj", "{0960A454-7C2D-46F9-96D7-32B5995B34A4}"
EndProject
Global
	GlobalSection(SolutionConfigurationPlatforms) = preSolution
		Debug|Any CPU = Debug|Any CPU
		Release|Any CPU = Release|Any CPU
	EndGlobalSection
	GlobalSection(NestedProjects) = preSolution
		{AE72329E-5F64-4251-8D45-E422C43FC33F} = {45001B82-EDA3-49FF-9220-86D4FA7A6452}
		{061A58EF-F089-4538-9252-7A3AD841E197} = {AE72329E-5F64-4251-8D45-E422C43FC33F}
		{D3535847-53BD-4466-8C70-D3FB0771A080} = {AE72329E-5F64-4251-8D45-E422C43FC33F}
		{63A92F96-B146-441C-BB23-CAFBF1C02C4A} = {AE72329E-5F64-4251-8D45-E422C43FC33F}
		{18E4A8C4-1ECA-4000-AADE-DC4265242DC7} = {AE72329E-5F64-4251-8D45-E422C43FC33F}
		{11276696-5305-40FA-981F-78000080A104} = {AE72329E-5F64-4251-8D45-E422C43FC33F}
		{EC5612A1-62BB-483A-B801-983D6F478B43} = {AE72329E-5F64-4251-8D45-E422C43FC33F}
		{F417A7CE-0177-44CB-B734-39B328E1B42B} = {E4D7A983-1B28-4B98-B93C-C305E31C2506}
	EndGlobalSection
	GlobalSection(ProjectConfigurationPlatforms) = postSolution
		{061A58EF-F089-4538-9252-7A3AD841E197}.Debug|Any CPU.ActiveCfg = Debug|Any CPU
		{061A58EF-F089-4538-9252-7A3AD841E197}.Debug|Any CPU.Build.0 = Debug|Any CPU
		{061A58EF-F089-4538-9252-7A3AD841E197}.Release|Any CPU.ActiveCfg = Release|Any CPU
		{061A58EF-F089-4538-9252-7A3AD841E197}.Release|Any CPU.Build.0 = Release|Any CPU
		{D3535847-53BD-4466-8C70-D3FB0771A080}.Debug|Any CPU.ActiveCfg = Debug|Any CPU
		{D3535847-53BD-4466-8C70-D3FB0771A080}.Debug|Any CPU.Build.0 = Debug|Any CPU
		{D3535847-53BD-4466-8C70-D3FB0771A080}.Release|Any CPU.ActiveCfg = Release|Any CPU
		{D3535847-53BD-4466-8C70-D3FB0771A080}.Release|Any CPU.Build.0 = Release|Any CPU
		{63A92F96-B146-441C-BB23-CAFBF1C02C4A}.Debug|Any CPU.ActiveCfg = Debug|Any CPU
		{63A92F96-B146-441C-BB23-CAFBF1C02C4A}.Debug|Any CPU.Build.0 = Debug|Any CPU
		{63A92F96-B146-441C-BB23-CAFBF1C02C4A}.Release|Any CPU.ActiveCfg = Release|Any CPU
		{63A92F96-B146-441C-BB23-CAFBF1C02C4A}.Release|Any CPU.Build.0 = Release|Any CPU
		{18E4A8C4-1ECA-4000-AADE-DC4265242DC7}.Debug|Any CPU.ActiveCfg = Debug|Any CPU
		{18E4A8C4-1ECA-4000-AADE-DC4265242DC7}.Debug|Any CPU.Build.0 = Debug|Any CPU
		{18E4A8C4-1ECA-4000-AADE-DC4265242DC7}.Release|Any CPU.ActiveCfg = Release|Any CPU
		{18E4A8C4-1ECA-4000-AADE-DC4265242DC7}.Release|Any CPU.Build.0 = Release|Any CPU
		{11276696-5305-40FA-981F-78000080A104}.Debug|Any CPU.ActiveCfg = Debug|Any CPU
		{11276696-5305-40FA-981F-78000080A104}.Debug|Any CPU.Build.0 = Debug|Any CPU
		{11276696-5305-40FA-981F-78000080A104}.Release|Any CPU.ActiveCfg = Release|Any CPU
		{11276696-5305-40FA-981F-78000080A104}.Release|Any CPU.Build.0 = Release|Any CPU
		{EC5612A1-62BB-483A-B801-983D6F478B43}.Debug|Any CPU.ActiveCfg = Debug|Any CPU
		{EC5612A1-62BB-483A-B801-983D6F478B43}.Debug|Any CPU.Build.0 = Debug|Any CPU
		{EC5612A1-62BB-483A-B801-983D6F478B43}.Release|Any CPU.ActiveCfg = Release|Any CPU
		{EC5612A1-62BB-483A-B801-983D6F478B43}.Release|Any CPU.Build.0 = Release|Any CPU
		{F417A7CE-0177-44CB-B734-39B328E1B42B}.Debug|Any CPU.ActiveCfg = Debug|Any CPU
		{F417A7CE-0177-44CB-B734-39B328E1B42B}.Debug|Any CPU.Build.0 = Debug|Any CPU
		{F417A7CE-0177-44CB-B734-39B328E1B42B}.Release|Any CPU.ActiveCfg = Release|Any CPU
		{F417A7CE-0177-44CB-B734-39B328E1B42B}.Release|Any CPU.Build.0 = Release|Any CPU
		{0960A454-7C2D-46F9-96D7-32B5995B34A4}.Debug|Any CPU.ActiveCfg = Debug|Any CPU
		{0960A454-7C2D-46F9-96D7-32B5995B34A4}.Debug|Any CPU.Build.0 = Debug|Any CPU
		{0960A454-7C2D-46F9-96D7-32B5995B34A4}.Release|Any CPU.ActiveCfg = Release|Any CPU
		{0960A454-7C2D-46F9-96D7-32B5995B34A4}.Release|Any CPU.Build.0 = Release|Any CPU
	EndGlobalSection
EndGlobal
